
Microsoft Visual Studio Solution File, Format Version 12.00
# Visual Studio Version 17
VisualStudioVersion = 17.4.33403.182
MinimumVisualStudioVersion = 10.0.40219.1
Project("{FAE04EC0-301F-11D3-BF4B-00C04F79EFBC}") = "WebApiCoreTest", "WebApiCoreTest\WebApiCoreTest.csproj", "{83C6B346-2B96-41F1-B41C-F83D8C727A98}"
EndProject
Global
	GlobalSection(SolutionConfigurationPlatforms) = preSolution
		Debug|Any CPU = Debug|Any CPU
		Release|Any CPU = Release|Any CPU
	EndGlobalSection
	GlobalSection(ProjectConfigurationPlatforms) = postSolution
		{83C6B346-2B96-41F1-B41C-F83D8C727A98}.Debug|Any CPU.ActiveCfg = Debug|Any CPU
		{83C6B346-2B96-41F1-B41C-F83D8C727A98}.Debug|Any CPU.Build.0 = Debug|Any CPU
		{83C6B346-2B96-41F1-B41C-F83D8C727A98}.Release|Any CPU.ActiveCfg = Release|Any CPU
		{83C6B346-2B96-41F1-B41C-F83D8C727A98}.Release|Any CPU.Build.0 = Release|Any CPU
	EndGlobalSection
	GlobalSection(SolutionProperties) = preSolution
		HideSolutionNode = FALSE
	EndGlobalSection
	GlobalSection(ExtensibilityGlobals) = postSolution
		SolutionGuid = {638E4170-B1CA-4E6D-B1C8-9B5FFD601D71}
	EndGlobalSection
EndGlobal
